
Microsoft Visual Studio Solution File, Format Version 12.00
# Visual Studio 14
VisualStudioVersion = 14.0.25420.1
MinimumVisualStudioVersion = 10.0.40219.1
Project("{FAE04EC0-301F-11D3-BF4B-00C04F79EFBC}") = "GreenfinchTest", "GreenfinchTest\GreenfinchTest.csproj", "{D2031066-8637-4966-8F34-E86318997B40}"
EndProject
Project("{FAE04EC0-301F-11D3-BF4B-00C04F79EFBC}") = "AbstractedORMLibrary", "AbstractedORMLibrary\AbstractedORMLibrary.csproj", "{4BB2E681-0F11-44FC-8AD4-224A474A0760}"
EndProject
Global
	GlobalSection(SolutionConfigurationPlatforms) = preSolution
		Debug|Any CPU = Debug|Any CPU
		Release|Any CPU = Release|Any CPU
	EndGlobalSection
	GlobalSection(ProjectConfigurationPlatforms) = postSolution
		{D2031066-8637-4966-8F34-E86318997B40}.Debug|Any CPU.ActiveCfg = Debug|Any CPU
		{D2031066-8637-4966-8F34-E86318997B40}.Debug|Any CPU.Build.0 = Debug|Any CPU
		{D2031066-8637-4966-8F34-E86318997B40}.Release|Any CPU.ActiveCfg = Release|Any CPU
		{D2031066-8637-4966-8F34-E86318997B40}.Release|Any CPU.Build.0 = Release|Any CPU
		{4BB2E681-0F11-44FC-8AD4-224A474A0760}.Debug|Any CPU.ActiveCfg = Debug|Any CPU
		{4BB2E681-0F11-44FC-8AD4-224A474A0760}.Debug|Any CPU.Build.0 = Debug|Any CPU
		{4BB2E681-0F11-44FC-8AD4-224A474A0760}.Release|Any CPU.ActiveCfg = Release|Any CPU
		{4BB2E681-0F11-44FC-8AD4-224A474A0760}.Release|Any CPU.Build.0 = Release|Any CPU
	EndGlobalSection
	GlobalSection(SolutionProperties) = preSolution
		HideSolutionNode = FALSE
	EndGlobalSection
EndGlobal
